
Microsoft Visual Studio Solution File, Format Version 12.00
# Visual Studio Version 17
VisualStudioVersion = 17.12.35527.113
MinimumVisualStudioVersion = 10.0.40219.1
Project("{FAE04EC0-301F-11D3-BF4B-00C04F79EFBC}") = "LegoBrickWall", "LegoBrickWall\LegoBrickWall.csproj", "{57B05BFB-6AF3-498E-B785-BB6812296CDD}"
EndProject
Project("{FAE04EC0-301F-11D3-BF4B-00C04F79EFBC}") = "LegoBrickWall.UnitTests", "LegoBrickWallTest\LegoBrickWall.UnitTests.csproj", "{8FB50D58-7842-492D-A01D-DDD417F2E8CC}"
EndProject
Global
	GlobalSection(SolutionConfigurationPlatforms) = preSolution
		Debug|Any CPU = Debug|Any CPU
		Release|Any CPU = Release|Any CPU
	EndGlobalSection
	GlobalSection(ProjectConfigurationPlatforms) = postSolution
		{57B05BFB-6AF3-498E-B785-BB6812296CDD}.Debug|Any CPU.ActiveCfg = Debug|Any CPU
		{57B05BFB-6AF3-498E-B785-BB6812296CDD}.Debug|Any CPU.Build.0 = Debug|Any CPU
		{57B05BFB-6AF3-498E-B785-BB6812296CDD}.Release|Any CPU.ActiveCfg = Release|Any CPU
		{57B05BFB-6AF3-498E-B785-BB6812296CDD}.Release|Any CPU.Build.0 = Release|Any CPU
		{8FB50D58-7842-492D-A01D-DDD417F2E8CC}.Debug|Any CPU.ActiveCfg = Debug|Any CPU
		{8FB50D58-7842-492D-A01D-DDD417F2E8CC}.Debug|Any CPU.Build.0 = Debug|Any CPU
		{8FB50D58-7842-492D-A01D-DDD417F2E8CC}.Release|Any CPU.ActiveCfg = Release|Any CPU
		{8FB50D58-7842-492D-A01D-DDD417F2E8CC}.Release|Any CPU.Build.0 = Release|Any CPU
	EndGlobalSection
	GlobalSection(SolutionProperties) = preSolution
		HideSolutionNode = FALSE
	EndGlobalSection
EndGlobal
